PODS:
  - Alamofire (5.0.5)
  - PINCache (3.0.3):
    - PINCache/Arc-exception-safe (= 3.0.3)
    - PINCache/Core (= 3.0.3)
  - PINCache/Arc-exception-safe (3.0.3):
    - PINCache/Core
  - PINCache/Core (3.0.3):
    - PINOperation (~> 1.2.1)
  - PINOperation (1.2.1)
  - PINRemoteImage (3.0.3):
    - PINRemoteImage/PINCache (= 3.0.3)
  - PINRemoteImage/Core (3.0.3):
    - PINOperation
  - PINRemoteImage/PINCache (3.0.3):
    - PINCache (~> 3.0.3)
    - PINRemoteImage/Core
  - SkeletonView (1.13.0)
  - SwiftSpinner (2.2.0)

DEPENDENCIES:
  - Alamofire (~> 5.0.0-rc.3)
  - PINRemoteImage
  - SkeletonView
  - SwiftSpinner

SPEC REPOS:
  trunk:
    - Alamofire
    - PINCache
    - PINOperation
    - PINRemoteImage
    - SkeletonView
    - SwiftSpinner

SPEC CHECKSUMS:
  Alamofire: df2f8f826963b08b9a870791ad48e07a10090b2e
  PINCache: 7a8fc1a691173d21dbddbf86cd515de6efa55086
  PINOperation: 00c935935f1e8cf0d1e2d6b542e75b88fc3e5e20
  PINRemoteImage: f1295b29f8c5e640e25335a1b2bd9d805171bd01
  SkeletonView: 2b14cb767a7da384d17d5d7e1db0d55a6cf9566a
  SwiftSpinner: f9b59477fe107427f2b5b835497d6636fa167ede

PODFILE CHECKSUM: 211f67dd1b5c1b6294ddb2076083833242472a29

COCOAPODS: 1.10.1
